{
  "requires": true,
  "lockfileVersion": 1,
  "dependencies": {
    "babel-polyfill": {
      "version": "6.26.0",
      "resolved": "https://nexus.releng.pearsondev.com/repository/npm-all/babel-polyfill/-/babel-polyfill-6.26.0.tgz",
      "integrity": "sha512-F2rZGQnAdaHWQ8YAoeRbukc7HS9QgdgeyJ0rQDd485v9opwuPvjpPFcOOT/WmkKTdgy9ESgSPXDcTNpzrGr6iQ==",
      "requires": {
        "babel-runtime": "^6.26.0",
        "core-js": "^2.5.0",
        "regenerator-runtime": "^0.10.5"
      }
    },
    "babel-runtime": {
      "version": "6.26.0",
      "resolved": "https://nexus.releng.pearsondev.com/repository/npm-all/babel-runtime/-/babel-runtime-6.26.0.tgz",
      "integrity": "sha512-ITKNuq2wKlW1fJg9sSW52eepoYgZBggvOAHC0u/CYu/qxQ9EVzThCgR69BnSXLHjy2f7SY5zaQ4yt7H9ZVxY2g==",
      "requires": {
        "core-js": "^2.4.0",
        "regenerator-runtime": "^0.11.0"
      },
      "dependencies": {
        "regenerator-runtime": {
          "version": "0.11.1",
          "resolved": "https://nexus.releng.pearsondev.com/repository/npm-all/regenerator-runtime/-/regenerator-runtime-0.11.1.tgz",
          "integrity": "sha512-MguG95oij0fC3QV3URf4V2SDYGJhJnJGqvIIgdECeODCT98wSWDAJ94SSuVpYQUoTcGUIL6L4yNB7j1DFFHSBg=="
        }
      }
    },
    "bignumber.js": {
      "version": "9.0.0",
      "resolved": "https://registry.npmjs.org/bignumber.js/-/bignumber.js-9.0.0.tgz",
      "integrity": "sha512-t/OYhhJ2SD+YGBQcjY8GzzDHEk9f3nerxjtfa6tlMXfe7frs/WozhvCNoGvpM0P3bNf3Gq5ZRMlGr5f3r4/N8A=="
    },
    "core-js": {
      "version": "2.6.12",
      "resolved": "https://nexus.releng.pearsondev.com/repository/npm-all/core-js/-/core-js-2.6.12.tgz",
      "integrity": "sha512-Kb2wC0fvsWfQrgk8HU5lW6U/Lcs8+9aaYcy4ZFc6DDlo4nZ7n70dEgE5rtR0oG6ufKDUnrwfWL1mXR5ljDatrQ=="
    },
    "core-util-is": {
      "version": "1.0.3",
      "resolved": "https://registry.npmjs.org/core-util-is/-/core-util-is-1.0.3.tgz",
      "integrity": "sha512-ZQBvi1DcpJ4GDqanjucZ2Hj3wEO5pZDS89BWbkcrvdxksJorwUDDZamX9ldFkp9aw2lmBDLgkObEA4DWNJ9FYQ=="
    },
    "datatables.net": {
      "version": "1.13.5",
      "resolved": "https://nexus.releng.pearsondev.com/repository/npm-all/datatables.net/-/datatables.net-1.13.5.tgz",
      "integrity": "sha512-XoCQHkUM5MwbC3Wx7WpVvt4i880J8pIFDA9HIKD4GhvtalryBfmdd+bZvrc/rEbraZS7U4eR2k8/wFY0NeHVqQ==",
      "requires": {
        "jquery": ">=1.7"
      }
    },
    "datatables.net-dt": {
      "version": "1.13.5",
      "resolved": "https://nexus.releng.pearsondev.com/repository/npm-all/datatables.net-dt/-/datatables.net-dt-1.13.5.tgz",
      "integrity": "sha512-6cIFRd/ujr0AfHPLykJNAs/6FLgDygWgYoV4d7trK2+l4NLRCrlqumtA6pm+7xF5bBaIcD0DIT8W97TIUg/PBA==",
      "requires": {
        "datatables.net": ">=1.13.4",
        "jquery": ">=1.7"
      }
    },
    "es6-promise": {
      "version": "4.2.8",
      "resolved": "https://nexus.releng.pearsondev.com/repository/npm-all/es6-promise/-/es6-promise-4.2.8.tgz",
      "integrity": "sha512-HJDGx5daxeIvxdBxvG2cb9g4tEvwIk3i8+nhX0yGrYmZUzbkdg8QbDevheDB8gd0//uPj4c1EQua8Q+MViT0/w=="
    },
    "fsm-as-promised": {
      "version": "0.13.2",
      "resolved": "https://nexus.releng.pearsondev.com/repository/npm-all/fsm-as-promised/-/fsm-as-promised-0.13.2.tgz",
      "integrity": "sha512-1tjwtVOEzqygbG3vHbfaQ4XJql5H0Zv2hMm7Mx1DndCeyTYjHNwgklsrC8fTHUslB0eHMSg9HBMV5QZodJpAcg==",
      "requires": {
        "es6-promise": "^4.0.2",
        "lodash": "^4.16.2",
        "stampit": "^3.0.1"
      }
    },
    "inherits": {
      "version": "2.0.4",
      "resolved": "https://registry.npmjs.org/inherits/-/inherits-2.0.4.tgz",
      "integrity": "sha512-k/vGaX4/Yla3WzyMCvTQOXYeIHvqOKtnqBduzTHpzpQZzAskKMhZ2K+EnBiSM9zGSoIFeMpXKxa4dYeZIQqewQ=="
    },
    "instascan": {
      "version": "1.0.0",
      "resolved": "https://nexus.releng.pearsondev.com/repository/npm-all/instascan/-/instascan-1.0.0.tgz",
      "integrity": "sha512-u9US1kM0IhVPUoozJ3EuxLFff6v/kuE3wwGiKPbH4NEyzxPXNDWEUb4s8z6i30KhjMC84pXSGAt5eLC3wY4Fxw==",
      "requires": {
        "babel-polyfill": "^6.9.1",
        "fsm-as-promised": "^0.13.0",
        "visibilityjs": "^1.2.3",
        "webrtc-adapter": "^1.4.0"
      }
    },
    "isarray": {
      "version": "1.0.0",
      "resolved": "https://registry.npmjs.org/isarray/-/isarray-1.0.0.tgz",
      "integrity": "sha512-VLghIWNM6ELQzo7zwmcg0NmTVyWKYjvIeM83yjp0wRDTmUnrM678fQbcKBo6n2CJEF0szoG//ytg+TKla89ALQ=="
    },
    "jquery": {
      "version": "3.7.0",
      "resolved": "https://nexus.releng.pearsondev.com/repository/npm-all/jquery/-/jquery-3.7.0.tgz",
      "integrity": "sha512-umpJ0/k8X0MvD1ds0P9SfowREz2LenHsQaxSohMZ5OMNEU2r0tf8pdeEFTHMFxWVxKNyU9rTtK3CWzUCTKJUeQ=="
    },
    "lodash": {
      "version": "4.17.21",
      "resolved": "https://nexus.releng.pearsondev.com/repository/npm-all/lodash/-/lodash-4.17.21.tgz",
      "integrity": "sha512-v2kDEe57lecTulaDIuNTPy3Ry4gLGJ6Z1O3vE1krgXZNrsQ+LFTGHVxVjcXPs17LhbZVGedAJv8XZ1tvj5FvSg=="
    },
    "mysql": {
      "version": "2.18.1",
      "resolved": "https://registry.npmjs.org/mysql/-/mysql-2.18.1.tgz",
      "integrity": "sha512-Bca+gk2YWmqp2Uf6k5NFEurwY/0td0cpebAucFpY/3jhrwrVGuxU2uQFCHjU19SJfje0yQvi+rVWdq78hR5lig==",
      "requires": {
        "bignumber.js": "9.0.0",
        "readable-stream": "2.3.7",
        "safe-buffer": "5.1.2",
        "sqlstring": "2.3.1"
      }
    },
    "process-nextick-args": {
      "version": "2.0.1",
      "resolved": "https://registry.npmjs.org/process-nextick-args/-/process-nextick-args-2.0.1.tgz",
      "integrity": "sha512-3ouUOpQhtgrbOa17J7+uxOTpITYWaGP7/AhoR3+A+/1e9skrzelGi/dXzEYyvbxubEF6Wn2ypscTKiKJFFn1ag=="
    },
    "readable-stream": {
      "version": "2.3.7",
      "resolved": "https://registry.npmjs.org/readable-stream/-/readable-stream-2.3.7.tgz",
      "integrity": "sha512-Ebho8K4jIbHAxnuxi7o42OrZgF/ZTNcsZj6nRKyUmkhLFq8CHItp/fy6hQZuZmP/n3yZ9VBUbp4zz/mX8hmYPw==",
      "requires": {
        "core-util-is": "~1.0.0",
        "inherits": "~2.0.3",
        "isarray": "~1.0.0",
        "process-nextick-args": "~2.0.0",
        "safe-buffer": "~5.1.1",
        "string_decoder": "~1.1.1",
        "util-deprecate": "~1.0.1"
      }
    },
    "regenerator-runtime": {
      "version": "0.10.5",
      "resolved": "https://nexus.releng.pearsondev.com/repository/npm-all/regenerator-runtime/-/regenerator-runtime-0.10.5.tgz",
      "integrity": "sha512-02YopEIhAgiBHWeoTiA8aitHDt8z6w+rQqNuIftlM+ZtvSl/brTouaU7DW6GO/cHtvxJvS4Hwv2ibKdxIRi24w=="
    },
    "safe-buffer": {
      "version": "5.1.2",
      "resolved": "https://registry.npmjs.org/safe-buffer/-/safe-buffer-5.1.2.tgz",
      "integrity": "sha512-Gd2UZBJDkXlY7GbJxfsE8/nvKkUEU1G38c1siN6QP6a9PT9MmHB8GnpscSmMJSoF8LOIrt8ud/wPtojys4G6+g=="
    },
    "sdp": {
      "version": "1.5.4",
      "resolved": "https://nexus.releng.pearsondev.com/repository/npm-all/sdp/-/sdp-1.5.4.tgz",
      "integrity": "sha512-9x0+fpJHW2bbqtIktmL+H9m+BswgurPVPhWrur4cCZPDWDSsdGYvRBaKhDXlnNCD1b/Xi8cOTG2u703CTQuwgg=="
    },
    "sqlstring": {
      "version": "2.3.1",
      "resolved": "https://registry.npmjs.org/sqlstring/-/sqlstring-2.3.1.tgz",
      "integrity": "sha512-ooAzh/7dxIG5+uDik1z/Rd1vli0+38izZhGzSa34FwR7IbelPWCCKSNIl8jlL/F7ERvy8CB2jNeM1E9i9mXMAQ=="
    },
    "stampit": {
      "version": "3.2.1",
      "resolved": "https://nexus.releng.pearsondev.com/repository/npm-all/stampit/-/stampit-3.2.1.tgz",
      "integrity": "sha512-2QXR/GWaz3qgLUvyTjIyvWLdT9iGC8rjZdyAt2IduajSCJUusehWJ1QAKmXdXWhJSofYJyCNZHCmp5yETiV4CA=="
    },
    "string_decoder": {
      "version": "1.1.1",
      "resolved": "https://registry.npmjs.org/string_decoder/-/string_decoder-1.1.1.tgz",
      "integrity": "sha512-n/ShnvDi6FHbbVfviro+WojiFzv+s8MPMHBczVePfUpDJLwoLT0ht1l4YwBCbi8pJAveEEdnkHyPyTP/mzRfwg==",
      "requires": {
        "safe-buffer": "~5.1.0"
      }
    },
    "util-deprecate": {
      "version": "1.0.2",
      "resolved": "https://registry.npmjs.org/util-deprecate/-/util-deprecate-1.0.2.tgz",
      "integrity": "sha512-EPD5q1uXyFxJpCrLnCc1nHnq3gOa6DZBocAIiI2TaSCA7VCJ1UJDMagCzIkXNsUYfD1daK//LTEQ8xiIbrHtcw=="
    },
    "visibilityjs": {
      "version": "1.2.8",
      "resolved": "https://nexus.releng.pearsondev.com/repository/npm-all/visibilityjs/-/visibilityjs-1.2.8.tgz",
      "integrity": "sha512-Y+aL3OUX88b+/VSmkmC2ApuLbf0grzbNLpCfIDSw3BzTU6PqcPsdgIOaw8b+eZoy+DdQqnVN3y/Evow9vQq9Ig=="
    },
    "webrtc-adapter": {
      "version": "1.4.0",
      "resolved": "https://nexus.releng.pearsondev.com/repository/npm-all/webrtc-adapter/-/webrtc-adapter-1.4.0.tgz",
      "integrity": "sha512-QY3cFbkvUW9kSim9XzzKr7jl1zdfxh7ii9j67kZz+Jc/HsKOXcC+mEmovbTID3QthyZCiYsWz2Qs6aUwxEDa/w==",
      "requires": {
        "sdp": "^1.0.0"
      }
    }
  }
}
